// !$*UTF8*$!
{
	archiveVersion = 1;
	classes = {
	};
	objectVersion = 56;
	objects = {

/* Begin PBXBuildFile section */
		1AF3FEDB29FFD51D00D7E50C /* AppDelegate.swift in Sources */ = {isa = PBXBuildFile; fileRef = 1AF3FEDA29FFD51D00D7E50C /* AppDelegate.swift */; };
		1AF3FEDD29FFD51D00D7E50C /* SceneDelegate.swift in Sources */ = {isa = PBXBuildFile; fileRef = 1AF3FEDC29FFD51D00D7E50C /* SceneDelegate.swift */; };
		1AF3FEDF29FFD51D00D7E50C /* ViewController.swift in Sources */ = {isa = PBXBuildFile; fileRef = 1AF3FEDE29FFD51D00D7E50C /* ViewController.swift */; };
		1AF3FEE229FFD51D00D7E50C /* Main.storyboard in Resources */ = {isa = PBXBuildFile; fileRef = 1AF3FEE029FFD51D00D7E50C /* Main.storyboard */; };
		1AF3FEE429FFD51E00D7E50C /* Assets.xcassets in Resources */ = {isa = PBXBuildFile; fileRef = 1AF3FEE329FFD51E00D7E50C /* Assets.xcassets */; };
		1AF3FEE729FFD51E00D7E50C /* LaunchScreen.storyboard in Resources */ = {isa = PBXBuildFile; fileRef = 1AF3FEE529FFD51E00D7E50C /* LaunchScreen.storyboard */; };
		1AF3FEEF29FFD54C00D7E50C /* PDLayout.swift in Sources */ = {isa = PBXBuildFile; fileRef = 1AF3FEEE29FFD54C00D7E50C /* PDLayout.swift */; };
/* End PBXBuildFile section */

/* Begin PBXFileReference section */
		1AF3FED729FFD51D00D7E50C /* PDLayout.app */ = {isa = PBXFileReference; explicitFileType = wrapper.application; includeInIndex = 0; path = PDLayout.app; sourceTree = BUILT_PRODUCTS_DIR; };
		1AF3FEDA29FFD51D00D7E50C /* AppDelegate.swift */ = {isa = PBXFileReference; lastKnownFileType = sourcecode.swift; path = AppDelegate.swift; sourceTree = "<group>"; };
		1AF3FEDC29FFD51D00D7E50C /* SceneDelegate.swift */ = {isa = PBXFileReference; lastKnownFileType = sourcecode.swift; path = SceneDelegate.swift; sourceTree = "<group>"; };
		1AF3FEDE29FFD51D00D7E50C /* ViewController.swift */ = {isa = PBXFileReference; lastKnownFileType = sourcecode.swift; path = ViewController.swift; sourceTree = "<group>"; };
		1AF3FEE129FFD51D00D7E50C /* Base */ = {isa = PBXFileReference; lastKnownFileType = file.storyboard; name = Base; path = Base.lproj/Main.storyboard; sourceTree = "<group>"; };
		1AF3FEE329FFD51E00D7E50C /* Assets.xcassets */ = {isa = PBXFileReference; lastKnownFileType = folder.assetcatalog; path = Assets.xcassets; sourceTree = "<group>"; };
		1AF3FEE629FFD51E00D7E50C /* Base */ = {isa = PBXFileReference; lastKnownFileType = file.storyboard; name = Base; path = Base.lproj/LaunchScreen.storyboard; sourceTree = "<group>"; };
		1AF3FEE829FFD51E00D7E50C /* Info.plist */ = {isa = PBXFileReference; lastKnownFileType = text.plist.xml; path = Info.plist; sourceTree = "<group>"; };
		1AF3FEEE29FFD54C00D7E50C /* PDLayout.swift */ = {isa = PBXFileReference; lastKnownFileType = sourcecode.swift; path = PDLayout.swift; sourceTree = "<group>"; };
/* End PBXFileReference section */

/* Begin PBXFrameworksBuildPhase section */
		1AF3FED429FFD51D00D7E50C /* Frameworks */ = {
			isa = PBXFrameworksBuildPhase;
			buildActionMask = 2147483647;
			files = (
			);
			runOnlyForDeploymentPostprocessing = 0;
		};
/* End PBXFrameworksBuildPhase section */

/* Begin PBXGroup section */
		1AF3FECE29FFD51D00D7E50C = {
			isa = PBXGroup;
			children = (
				1AF3FED929FFD51D00D7E50C /* PDLayout */,
				1AF3FED829FFD51D00D7E50C /* Products */,
			);
			sourceTree = "<group>";
		};
		1AF3FED829FFD51D00D7E50C /* Products */ = {
			isa = PBXGroup;
			children = (
				1AF3FED729FFD51D00D7E50C /* PDLayout.app */,
			);
			name = Products;
			sourceTree = "<group>";
		};
		1AF3FED929FFD51D00D7E50C /* PDLayout */ = {
			isa = PBXGroup;
			children = (
				1AF3FEDA29FFD51D00D7E50C /* AppDelegate.swift */,
				1AF3FEDC29FFD51D00D7E50C /* SceneDelegate.swift */,
				1AF3FEDE29FFD51D00D7E50C /* ViewController.swift */,
				1AF3FEE029FFD51D00D7E50C /* Main.storyboard */,
				1AF3FEE329FFD51E00D7E50C /* Assets.xcassets */,
				1AF3FEE529FFD51E00D7E50C /* LaunchScreen.storyboard */,
				1AF3FEE829FFD51E00D7E50C /* Info.plist */,
				1AF3FEEE29FFD54C00D7E50C /* PDLayout.swift */,
			);
			path = PDLayout;
			sourceTree = "<group>";
		};
/* End PBXGroup section */

/* Begin PBXNativeTarget section */
		1AF3FED629FFD51D00D7E50C /* PDLayout */ = {
			isa = PBXNativeTarget;
			buildConfigurationList = 1AF3FEEB29FFD51E00D7E50C /* Build configuration list for PBXNativeTarget "PDLayout" */;
			buildPhases = (
				1AF3FED329FFD51D00D7E50C /* Sources */,
				1AF3FED429FFD51D00D7E50C /* Frameworks */,
				1AF3FED529FFD51D00D7E50C /* Resources */,
			);
			buildRules = (
			);
			dependencies = (
			);
			name = PDLayout;
			productName = PDLayout;
			productReference = 1AF3FED729FFD51D00D7E50C /* PDLayout.app */;
			productType = "com.apple.product-type.application";
		};
/* End PBXNativeTarget section */

/* Begin PBXProject section */
		1AF3FECF29FFD51D00D7E50C /* Project object */ = {
			isa = PBXProject;
			attributes = {
				BuildIndependentTargetsInParallel = 1;
				LastSwiftUpdateCheck = 1430;
				LastUpgradeCheck = 1430;
				TargetAttributes = {
					1AF3FED629FFD51D00D7E50C = {
						CreatedOnToolsVersion = 14.3;
					};
				};
			};
			buildConfigurationList = 1AF3FED229FFD51D00D7E50C /* Build configuration list for PBXProject "PDLayout" */;
			compatibilityVersion = "Xcode 14.0";
			developmentRegion = en;
			hasScannedForEncodings = 0;
			knownRegions = (
				en,
				Base,
			);
			mainGroup = 1AF3FECE29FFD51D00D7E50C;
			productRefGroup = 1AF3FED829FFD51D00D7E50C /* Products */;
			projectDirPath = "";
			projectRoot = "";
			targets = (
				1AF3FED629FFD51D00D7E50C /* PDLayout */,
			);
		};
/* End PBXProject section */

/* Begin PBXResourcesBuildPhase section */
		1AF3FED529FFD51D00D7E50C /* Resources */ = {
			isa = PBXResourcesBuildPhase;
			buildActionMask = 2147483647;
			files = (
				1AF3FEE729FFD51E00D7E50C /* LaunchScreen.storyboard in Resources */,
				1AF3FEE429FFD51E00D7E50C /* Assets.xcassets in Resources */,
				1AF3FEE229FFD51D00D7E50C /* Main.storyboard in Resources */,
			);
			runOnlyForDeploymentPostprocessing = 0;
		};
/* End PBXResourcesBuildPhase section */

/* Begin PBXSourcesBuildPhase section */
		1AF3FED329FFD51D00D7E50C /* Sources */ = {
			isa = PBXSourcesBuildPhase;
			buildActionMask = 2147483647;
			files = (
				1AF3FEDF29FFD51D00D7E50C /* ViewController.swift in Sources */,
				1AF3FEDB29FFD51D00D7E50C /* AppDelegate.swift in Sources */,
				1AF3FEDD29FFD51D00D7E50C /* SceneDelegate.swift in Sources */,
				1AF3FEEF29FFD54C00D7E50C /* PDLayout.swift in Sources */,
			);
			runOnlyForDeploymentPostprocessing = 0;
		};
/* End PBXSourcesBuildPhase section */

/* Begin PBXVariantGroup section */
		1AF3FEE029FFD51D00D7E50C /* Main.storyboard */ = {
			isa = PBXVariantGroup;
			children = (
				1AF3FEE129FFD51D00D7E50C /* Base */,
			);
			name = Main.storyboard;
			sourceTree = "<group>";
		};
		1AF3FEE529FFD51E00D7E50C /* LaunchScreen.storyboard */ = {
			isa = PBXVariantGroup;
			children = (
				1AF3FEE629FFD51E00D7E50C /* Base */,
			);
			name = LaunchScreen.storyboard;
			sourceTree = "<group>";
		};
/* End PBXVariantGroup section */

/* Begin XCBuildConfiguration section */
		1AF3FEE929FFD51E00D7E50C /* Debug */ = {
			isa = XCBuildConfiguration;
			buildSettings = {
				ALWAYS_SEARCH_USER_PATHS = NO;
				CLANG_ANALYZER_NONNULL = YES;
				CLANG_ANALYZER_NUMBER_OBJECT_CONVERSION = YES_AGGRESSIVE;
				CLANG_CXX_LANGUAGE_STANDARD = "gnu++20";
				CLANG_ENABLE_MODULES = YES;
				CLANG_ENABLE_OBJC_ARC = YES;
				CLANG_ENABLE_OBJC_WEAK = YES;
				CLANG_WARN_BLOCK_CAPTURE_AUTORELEASING = YES;
				CLANG_WARN_BOOL_CONVERSION = YES;
				CLANG_WARN_COMMA = YES;
				CLANG_WARN_CONSTANT_CONVERSION = YES;
				CLANG_WARN_DEPRECATED_OBJC_IMPLEMENTATIONS = YES;
				CLANG_WARN_DIRECT_OBJC_ISA_USAGE = YES_ERROR;
				CLANG_WARN_DOCUMENTATION_COMMENTS = YES;
				CLANG_WARN_EMPTY_BODY = YES;
				CLANG_WARN_ENUM_CONVERSION = YES;
				CLANG_WARN_INFINITE_RECURSION = YES;
				CLANG_WARN_INT_CONVERSION = YES;
				CLANG_WARN_NON_LITERAL_NULL_CONVERSION = YES;
				CLANG_WARN_OBJC_IMPLICIT_RETAIN_SELF = YES;
				CLANG_WARN_OBJC_LITERAL_CONVERSION = YES;
				CLANG_WARN_OBJC_ROOT_CLASS = YES_ERROR;
				CLANG_WARN_QUOTED_INCLUDE_IN_FRAMEWORK_HEADER = YES;
				CLANG_WARN_RANGE_LOOP_ANALYSIS = YES;
				CLANG_WARN_STRICT_PROTOTYPES = YES;
				CLANG_WARN_SUSPICIOUS_MOVE = YES;
				CLANG_WARN_UNGUARDED_AVAILABILITY = YES_AGGRESSIVE;
				CLANG_WARN_UNREACHABLE_CODE = YES;
				CLANG_WARN__DUPLICATE_METHOD_MATCH = YES;
				COPY_PHASE_STRIP = NO;
				DEBUG_INFORMATION_FORMAT = dwarf;
				ENABLE_STRICT_OBJC_MSGSEND = YES;
				ENABLE_TESTABILITY = YES;
				GCC_C_LANGUAGE_STANDARD = gnu11;
				GCC_DYNAMIC_NO_PIC = NO;
				GCC_NO_COMMON_BLOCKS = YES;
				GCC_OPTIMIZATION_LEVEL = 0;
				GCC_PREPROCESSOR_DEFINITIONS = (
					"DEBUG=1",
					"$(inherited)",
				);
				GCC_WARN_64_TO_32_BIT_CONVERSION = YES;
				GCC_WARN_ABOUT_RETURN_TYPE = YES_ERROR;
				GCC_WARN_UNDECLARED_SELECTOR = YES;
				GCC_WARN_UNINITIALIZED_AUTOS = YES_AGGRESSIVE;
				GCC_WARN_UNUSED_FUNCTION = YES;
				GCC_WARN_UNUSED_VARIABLE = YES;
				IPHONEOS_DEPLOYMENT_TARGET = 16.4;
				MTL_ENABLE_DEBUG_INFO = INCLUDE_SOURCE;
				MTL_FAST_MATH = YES;
				ONLY_ACTIVE_ARCH = YES;
				SDKROOT = iphoneos;
				SWIFT_ACTIVE_COMPILATION_CONDITIONS = DEBUG;
				SWIFT_OPTIMIZATION_LEVEL = "-Onone";
			};
			name = Debug;
		};
		1AF3FEEA29FFD51E00D7E50C /* Release */ = {
			isa = XCBuildConfiguration;
			buildSettings = {
				ALWAYS_SEARCH_USER_PATHS = NO;
				CLANG_ANALYZER_NONNULL = YES;
				CLANG_ANALYZER_NUMBER_OBJECT_CONVERSION = YES_AGGRESSIVE;
				CLANG_CXX_LANGUAGE_STANDARD = "gnu++20";
				CLANG_ENABLE_MODULES = YES;
				CLANG_ENABLE_OBJC_ARC = YES;
				CLANG_ENABLE_OBJC_WEAK = YES;
				CLANG_WARN_BLOCK_CAPTURE_AUTORELEASING = YES;
				CLANG_WARN_BOOL_CONVERSION = YES;
				CLANG_WARN_COMMA = YES;
				CLANG_WARN_CONSTANT_CONVERSION = YES;
				CLANG_WARN_DEPRECATED_OBJC_IMPLEMENTATIONS = YES;
				CLANG_WARN_DIRECT_OBJC_ISA_USAGE = YES_ERROR;
				CLANG_WARN_DOCUMENTATION_COMMENTS = YES;
				CLANG_WARN_EMPTY_BODY = YES;
				CLANG_WARN_ENUM_CONVERSION = YES;
				CLANG_WARN_INFINITE_RECURSION = YES;
				CLANG_WARN_INT_CONVERSION = YES;
				CLANG_WARN_NON_LITERAL_NULL_CONVERSION = YES;
				CLANG_WARN_OBJC_IMPLICIT_RETAIN_SELF = YES;
				CLANG_WARN_OBJC_LITERAL_CONVERSION = YES;
				CLANG_WARN_OBJC_ROOT_CLASS = YES_ERROR;
				CLANG_WARN_QUOTED_INCLUDE_IN_FRAMEWORK_HEADER = YES;
				CLANG_WARN_RANGE_LOOP_ANALYSIS = YES;
				CLANG_WARN_STRICT_PROTOTYPES = YES;
				CLANG_WARN_SUSPICIOUS_MOVE = YES;
				CLANG_WARN_UNGUARDED_AVAILABILITY = YES_AGGRESSIVE;
				CLANG_WARN_UNREACHABLE_CODE = YES;
				CLANG_WARN__DUPLICATE_METHOD_MATCH = YES;
				COPY_PHASE_STRIP = NO;
				DEBUG_INFORMATION_FORMAT = "dwarf-with-dsym";
				ENABLE_NS_ASSERTIONS = NO;
				ENABLE_STRICT_OBJC_MSGSEND = YES;
				GCC_C_LANGUAGE_STANDARD = gnu11;
				GCC_NO_COMMON_BLOCKS = YES;
				GCC_WARN_64_TO_32_BIT_CONVERSION = YES;
				GCC_WARN_ABOUT_RETURN_TYPE = YES_ERROR;
				GCC_WARN_UNDECLARED_SELECTOR = YES;
				GCC_WARN_UNINITIALIZED_AUTOS = YES_AGGRESSIVE;
				GCC_WARN_UNUSED_FUNCTION = YES;
				GCC_WARN_UNUSED_VARIABLE = YES;
				IPHONEOS_DEPLOYMENT_TARGET = 16.4;
				MTL_ENABLE_DEBUG_INFO = NO;
				MTL_FAST_MATH = YES;
				SDKROOT = iphoneos;
				SWIFT_COMPILATION_MODE = wholemodule;
				SWIFT_OPTIMIZATION_LEVEL = "-O";
				VALIDATE_PRODUCT = YES;
			};
			name = Release;
		};
		1AF3FEEC29FFD51E00D7E50C /* Debug */ = {
			isa = XCBuildConfiguration;
			buildSettings = {
				ASSETCATALOG_COMPILER_APPICON_NAME = AppIcon;
				ASSETCATALOG_COMPILER_GLOBAL_ACCENT_COLOR_NAME = AccentColor;
				CODE_SIGN_STYLE = Automatic;
				CURRENT_PROJECT_VERSION = 1;
				GENERATE_INFOPLIST_FILE = YES;
				INFOPLIST_FILE = PDLayout/Info.plist;
				INFOPLIST_KEY_UIApplicationSupportsIndirectInputEvents = YES;
				INFOPLIST_KEY_UILaunchStoryboardName = LaunchScreen;
				INFOPLIST_KEY_UIMainStoryboardFile = Main;
				INFOPLIST_KEY_UISupportedInterfaceOrientations_iPad = "UIInterfaceOrientationPortrait UIInterfaceOrientationPortraitUpsideDown UIInterfaceOrientationLandscapeLeft UIInterfaceOrientationLandscapeRight";
				INFOPLIST_KEY_UISupportedInterfaceOrientations_iPhone = "UIInterfaceOrientationPortrait UIInterfaceOrientationLandscapeLeft UIInterfaceOrientationLandscapeRight";
				LD_RUNPATH_SEARCH_PATHS = (
					"$(inherited)",
					"@executable_path/Frameworks",
				);
				MARKETING_VERSION = 1.0;
				PRODUCT_BUNDLE_IDENTIFIER = "Pardn-Ltd.PDLayout";
				PRODUCT_NAME = "$(TARGET_NAME)";
				SWIFT_EMIT_LOC_STRINGS = YES;
				SWIFT_VERSION = 5.0;
				TARGETED_DEVICE_FAMILY = "1,2";
			};
			name = Debug;
		};
		1AF3FEED29FFD51E00D7E50C /* Release */ = {
			isa = XCBuildConfiguration;
			buildSettings = {
				ASSETCATALOG_COMPILER_APPICON_NAME = AppIcon;
				ASSETCATALOG_COMPILER_GLOBAL_ACCENT_COLOR_NAME = AccentColor;
				CODE_SIGN_STYLE = Automatic;
				CURRENT_PROJECT_VERSION = 1;
				GENERATE_INFOPLIST_FILE = YES;
				INFOPLIST_FILE = PDLayout/Info.plist;
				INFOPLIST_KEY_UIApplicationSupportsIndirectInputEvents = YES;
				INFOPLIST_KEY_UILaunchStoryboardName = LaunchScreen;
				INFOPLIST_KEY_UIMainStoryboardFile = Main;
				INFOPLIST_KEY_UISupportedInterfaceOrientations_iPad = "UIInterfaceOrientationPortrait UIInterfaceOrientationPortraitUpsideDown UIInterfaceOrientationLandscapeLeft UIInterfaceOrientationLandscapeRight";
				INFOPLIST_KEY_UISupportedInterfaceOrientations_iPhone = "UIInterfaceOrientationPortrait UIInterfaceOrientationLandscapeLeft UIInterfaceOrientationLandscapeRight";
				LD_RUNPATH_SEARCH_PATHS = (
					"$(inherited)",
					"@executable_path/Frameworks",
				);
				MARKETING_VERSION = 1.0;
				PRODUCT_BUNDLE_IDENTIFIER = "Pardn-Ltd.PDLayout";
				PRODUCT_NAME = "$(TARGET_NAME)";
				SWIFT_EMIT_LOC_STRINGS = YES;
				SWIFT_VERSION = 5.0;
				TARGETED_DEVICE_FAMILY = "1,2";
			};
			name = Release;
		};
/* End XCBuildConfiguration section */

/* Begin XCConfigurationList section */
		1AF3FED229FFD51D00D7E50C /* Build configuration list for PBXProject "PDLayout" */ = {
			isa = XCConfigurationList;
			buildConfigurations = (
				1AF3FEE929FFD51E00D7E50C /* Debug */,
				1AF3FEEA29FFD51E00D7E50C /* Release */,
			);
			defaultConfigurationIsVisible = 0;
			defaultConfigurationName = Release;
		};
		1AF3FEEB29FFD51E00D7E50C /* Build configuration list for PBXNativeTarget "PDLayout" */ = {
			isa = XCConfigurationList;
			buildConfigurations = (
				1AF3FEEC29FFD51E00D7E50C /* Debug */,
				1AF3FEED29FFD51E00D7E50C /* Release */,
			);
			defaultConfigurationIsVisible = 0;
			defaultConfigurationName = Release;
		};
/* End XCConfigurationList section */
	};
	rootObject = 1AF3FECF29FFD51D00D7E50C /* Project object */;
}
